
Microsoft Visual Studio Solution File, Format Version 12.00
# Visual Studio 15
VisualStudioVersion = 15.0.28010.2019
MinimumVisualStudioVersion = 10.0.40219.1
Project("{FAE04EC0-301F-11D3-BF4B-00C04F79EFBC}") = "jasonDiaz_Assign1", "jasonDiaz_Assign1\jasonDiaz_Assign1.csproj", "{539DC2BE-0431-45A6-A12B-6552D220E4B7}"
EndProject
Global
	GlobalSection(SolutionConfigurationPlatforms) = preSolution
		Debug|Any CPU = Debug|Any CPU
		Release|Any CPU = Release|Any CPU
	EndGlobalSection
	GlobalSection(ProjectConfigurationPlatforms) = postSolution
		{539DC2BE-0431-45A6-A12B-6552D220E4B7}.Debug|Any CPU.ActiveCfg = Debug|Any CPU
		{539DC2BE-0431-45A6-A12B-6552D220E4B7}.Debug|Any CPU.Build.0 = Debug|Any CPU
		{539DC2BE-0431-45A6-A12B-6552D220E4B7}.Release|Any CPU.ActiveCfg = Release|Any CPU
		{539DC2BE-0431-45A6-A12B-6552D220E4B7}.Release|Any CPU.Build.0 = Release|Any CPU
	EndGlobalSection
	GlobalSection(SolutionProperties) = preSolution
		HideSolutionNode = FALSE
	EndGlobalSection
	GlobalSection(ExtensibilityGlobals) = postSolution
		SolutionGuid = {20D27300-F4B8-4B10-8A7D-38089B505EC4}
	EndGlobalSection
EndGlobal
